Microsoft Visual Studio Solution File, Format Version 12.00
# Visual Studio Version 16
VisualStudioVersion = 16.0.29709.97
MinimumVisualStudioVersion = 10.0.40219.1
Project("{9A19103F-16F7-4668-BE54-9A1E7A4F7556}") = "GodelTech.Data.EntityFrameworkCore", "src\GodelTech.Data.EntityFrameworkCore\GodelTech.Data.EntityFrameworkCore.csproj", "{A3301FF2-0DBE-438F-815F-0EA3AEEDDA2E}"
EndProject
Project("{2150E333-8FDC-42A3-9474-1A3956D46DE8}") = "src", "src", "{DF102ABE-7FCF-40BB-8818-C67355D1A1FB}"
EndProject
Project("{2150E333-8FDC-42A3-9474-1A3956D46DE8}") = "test", "test", "{4A0F0209-64FA-4F41-83C9-B32BAC844496}"
EndProject
Project("{FAE04EC0-301F-11D3-BF4B-00C04F79EFBC}") = "GodelTech.Data.EntityFrameworkCore.Tests", "test\GodelTech.Data.EntityFrameworkCore.Tests\GodelTech.Data.EntityFrameworkCore.Tests.csproj", "{F3DF263D-0E41-4F67-91C6-5F960FC0B207}"
EndProject
Project("{2150E333-8FDC-42A3-9474-1A3956D46DE8}") = "demo", "demo", "{8B7EF641-0841-40C4-9E55-5CCB93D87A92}"
EndProject
Project("{9A19103F-16F7-4668-BE54-9A1E7A4F7556}") = "GodelTech.Demo.Data", "demo\Data\src\GodelTech.Demo.Data\GodelTech.Demo.Data.csproj", "{8980A325-7DBE-4BD4-921F-3A5C75C4DDEC}"
EndProject
Project("{9A19103F-16F7-4668-BE54-9A1E7A4F7556}") = "GodelTech.Demo.Business", "demo\Business\src\GodelTech.Demo.Business\GodelTech.Demo.Business.csproj", "{BBF6F4E2-34C1-4C52-BDD8-E90651E35C6D}"
EndProject
Project("{9A19103F-16F7-4668-BE54-9A1E7A4F7556}") = "GodelTech.Demo.WebApi", "demo\WebApi\src\GodelTech.Demo.WebApi\GodelTech.Demo.WebApi.csproj", "{4EC38DD1-3BA2-425C-9DB3-958F57F6DE81}"
EndProject
Project("{FAE04EC0-301F-11D3-BF4B-00C04F79EFBC}") = "GodelTech.Demo.Database", "demo\Database\src\GodelTech.Demo.Database\GodelTech.Demo.Database.csproj", "{E3267A75-A91C-4371-AC84-206AE7485477}"
EndProject
Global
	GlobalSection(SolutionConfigurationPlatforms) = preSolution
		Debug|Any CPU = Debug|Any CPU
		Release|Any CPU = Release|Any CPU
	EndGlobalSection
	GlobalSection(ProjectConfigurationPlatforms) = postSolution
		{A3301FF2-0DBE-438F-815F-0EA3AEEDDA2E}.Debug|Any CPU.ActiveCfg = Debug|Any CPU
		{A3301FF2-0DBE-438F-815F-0EA3AEEDDA2E}.Debug|Any CPU.Build.0 = Debug|Any CPU
		{A3301FF2-0DBE-438F-815F-0EA3AEEDDA2E}.Release|Any CPU.ActiveCfg = Release|Any CPU
		{A3301FF2-0DBE-438F-815F-0EA3AEEDDA2E}.Release|Any CPU.Build.0 = Release|Any CPU
		{F3DF263D-0E41-4F67-91C6-5F960FC0B207}.Debug|Any CPU.ActiveCfg = Debug|Any CPU
		{F3DF263D-0E41-4F67-91C6-5F960FC0B207}.Debug|Any CPU.Build.0 = Debug|Any CPU
		{F3DF263D-0E41-4F67-91C6-5F960FC0B207}.Release|Any CPU.ActiveCfg = Release|Any CPU
		{F3DF263D-0E41-4F67-91C6-5F960FC0B207}.Release|Any CPU.Build.0 = Release|Any CPU
		{8980A325-7DBE-4BD4-921F-3A5C75C4DDEC}.Debug|Any CPU.ActiveCfg = Debug|Any CPU
		{8980A325-7DBE-4BD4-921F-3A5C75C4DDEC}.Debug|Any CPU.Build.0 = Debug|Any CPU
		{8980A325-7DBE-4BD4-921F-3A5C75C4DDEC}.Release|Any CPU.ActiveCfg = Release|Any CPU
		{8980A325-7DBE-4BD4-921F-3A5C75C4DDEC}.Release|Any CPU.Build.0 = Release|Any CPU
		{BBF6F4E2-34C1-4C52-BDD8-E90651E35C6D}.Debug|Any CPU.ActiveCfg = Debug|Any CPU
		{BBF6F4E2-34C1-4C52-BDD8-E90651E35C6D}.Debug|Any CPU.Build.0 = Debug|Any CPU
		{BBF6F4E2-34C1-4C52-BDD8-E90651E35C6D}.Release|Any CPU.ActiveCfg = Release|Any CPU
		{BBF6F4E2-34C1-4C52-BDD8-E90651E35C6D}.Release|Any CPU.Build.0 = Release|Any CPU
		{4EC38DD1-3BA2-425C-9DB3-958F57F6DE81}.Debug|Any CPU.ActiveCfg = Debug|Any CPU
		{4EC38DD1-3BA2-425C-9DB3-958F57F6DE81}.Debug|Any CPU.Build.0 = Debug|Any CPU
		{4EC38DD1-3BA2-425C-9DB3-958F57F6DE81}.Release|Any CPU.ActiveCfg = Release|Any CPU
		{4EC38DD1-3BA2-425C-9DB3-958F57F6DE81}.Release|Any CPU.Build.0 = Release|Any CPU
		{E3267A75-A91C-4371-AC84-206AE7485477}.Debug|Any CPU.ActiveCfg = Debug|Any CPU
		{E3267A75-A91C-4371-AC84-206AE7485477}.Debug|Any CPU.Build.0 = Debug|Any CPU
		{E3267A75-A91C-4371-AC84-206AE7485477}.Release|Any CPU.ActiveCfg = Release|Any CPU
		{E3267A75-A91C-4371-AC84-206AE7485477}.Release|Any CPU.Build.0 = Release|Any CPU
	EndGlobalSection
	GlobalSection(SolutionProperties) = preSolution
		HideSolutionNode = FALSE
	EndGlobalSection
	GlobalSection(NestedProjects) = preSolution
		{A3301FF2-0DBE-438F-815F-0EA3AEEDDA2E} = {DF102ABE-7FCF-40BB-8818-C67355D1A1FB}
		{F3DF263D-0E41-4F67-91C6-5F960FC0B207} = {4A0F0209-64FA-4F41-83C9-B32BAC844496}
		{8980A325-7DBE-4BD4-921F-3A5C75C4DDEC} = {8B7EF641-0841-40C4-9E55-5CCB93D87A92}
		{BBF6F4E2-34C1-4C52-BDD8-E90651E35C6D} = {8B7EF641-0841-40C4-9E55-5CCB93D87A92}
		{4EC38DD1-3BA2-425C-9DB3-958F57F6DE81} = {8B7EF641-0841-40C4-9E55-5CCB93D87A92}
		{E3267A75-A91C-4371-AC84-206AE7485477} = {8B7EF641-0841-40C4-9E55-5CCB93D87A92}
	EndGlobalSection
	GlobalSection(ExtensibilityGlobals) = postSolution
		SolutionGuid = {533FE611-B026-4B9F-A3E1-883C2034CB0B}
	EndGlobalSection
EndGlobal
